
Microsoft Visual Studio Solution File, Format Version 12.00
# Visual Studio Version 16
VisualStudioVersion = 16.0.32228.343
MinimumVisualStudioVersion = 10.0.40219.1
Project("{2150E333-8FDC-42A3-9474-1A3956D46DE8}") = "Sample", "Sample", "{AB4977C4-9F88-4B93-8FF0-B885AC45A459}"
EndProject
Project("{FAE04EC0-301F-11D3-BF4B-00C04F79EFBC}") = "ConsoleApp0411", "Sample\ConsoleApp0411\ConsoleApp0411.csproj", "{AD0ABA4F-4043-478C-A1AB-2AA28C098A00}"
EndProject
Project("{FAE04EC0-301F-11D3-BF4B-00C04F79EFBC}") = "WindowsFormsApp1", "Sample\WindowsFormsApp1\WindowsFormsApp1.csproj", "{EE52ABDC-C669-4692-9D1D-1E3004370340}"
EndProject
Project("{FAE04EC0-301F-11D3-BF4B-00C04F79EFBC}") = "BallApp", "Sample\BallApp\BallApp.csproj", "{93D822DE-C183-4E28-AFD5-CC64BEBFF5D9}"
EndProject
Project("{2150E333-8FDC-42A3-9474-1A3956D46DE8}") = "Chapter01", "Chapter01", "{07D62C67-83B5-462E-82D0-C31E461089C5}"
EndProject
Project("{FAE04EC0-301F-11D3-BF4B-00C04F79EFBC}") = "ProductSample", "Chapter01\Product\ProductSample.csproj", "{71E96838-3A1D-4FCB-A803-BF13D6930111}"
EndProject
Project("{2150E333-8FDC-42A3-9474-1A3956D46DE8}") = "Chapter02", "Chapter02", "{60290312-B801-4DB7-844F-1759FD31860C}"
EndProject
Project("{2150E333-8FDC-42A3-9474-1A3956D46DE8}") = "距離換算プログラム", "距離換算プログラム", "{0B218CB2-B0EE-40C8-8415-83060A7DEE21}"
EndProject
Project("{FAE04EC0-301F-11D3-BF4B-00C04F79EFBC}") = "DistanceConverter", "Chapter02\距離換算プログラム\DistanceConverter\DistanceConverter.csproj", "{256EE355-7E81-4F64-BDE8-F98E3F09456B}"
EndProject
Project("{2150E333-8FDC-42A3-9474-1A3956D46DE8}") = "売り上げ集計プログラム", "売り上げ集計プログラム", "{3BF1403B-FF9B-4368-92B8-C24294AC91E0}"
EndProject
Project("{FAE04EC0-301F-11D3-BF4B-00C04F79EFBC}") = "SalesCalculator", "Chapter02\売り上げ集計プログラム\SalesCalculator\SalesCalculator.csproj", "{5494BCB3-C735-411A-B93E-FE806E08E5BD}"
EndProject
Project("{2150E333-8FDC-42A3-9474-1A3956D46DE8}") = "演習問題", "演習問題", "{FEAB84E2-D8A2-42E5-AF91-02A938BBF5ED}"
EndProject
Project("{FAE04EC0-301F-11D3-BF4B-00C04F79EFBC}") = "Exercise01", "Chapter02\演習問題\Exercise01\Exercise01.csproj", "{BFE72E9F-EAC4-480F-9D01-D3E6E2BD9EA2}"
EndProject
Project("{FAE04EC0-301F-11D3-BF4B-00C04F79EFBC}") = "Exercise02", "Chapter02\演習問題\Exercise02\Exercise02.csproj", "{FD10EE56-43E8-418D-BB2A-BAF11C9CA955}"
EndProject
Project("{FAE04EC0-301F-11D3-BF4B-00C04F79EFBC}") = "Exercise03", "Chapter02\演習問題\Exercise03\Exercise03.csproj", "{72F4011D-D702-4BF5-B00D-E134931A7B06}"
EndProject
Global
	GlobalSection(SolutionConfigurationPlatforms) = preSolution
		Debug|Any CPU = Debug|Any CPU
		Release|Any CPU = Release|Any CPU
	EndGlobalSection
	GlobalSection(ProjectConfigurationPlatforms) = postSolution
		{AD0ABA4F-4043-478C-A1AB-2AA28C098A00}.Debug|Any CPU.ActiveCfg = Debug|Any CPU
		{AD0ABA4F-4043-478C-A1AB-2AA28C098A00}.Debug|Any CPU.Build.0 = Debug|Any CPU
		{AD0ABA4F-4043-478C-A1AB-2AA28C098A00}.Release|Any CPU.ActiveCfg = Release|Any CPU
		{AD0ABA4F-4043-478C-A1AB-2AA28C098A00}.Release|Any CPU.Build.0 = Release|Any CPU
		{EE52ABDC-C669-4692-9D1D-1E3004370340}.Debug|Any CPU.ActiveCfg = Debug|Any CPU
		{EE52ABDC-C669-4692-9D1D-1E3004370340}.Debug|Any CPU.Build.0 = Debug|Any CPU
		{EE52ABDC-C669-4692-9D1D-1E3004370340}.Release|Any CPU.ActiveCfg = Release|Any CPU
		{EE52ABDC-C669-4692-9D1D-1E3004370340}.Release|Any CPU.Build.0 = Release|Any CPU
		{93D822DE-C183-4E28-AFD5-CC64BEBFF5D9}.Debug|Any CPU.ActiveCfg = Debug|Any CPU
		{93D822DE-C183-4E28-AFD5-CC64BEBFF5D9}.Debug|Any CPU.Build.0 = Debug|Any CPU
		{93D822DE-C183-4E28-AFD5-CC64BEBFF5D9}.Release|Any CPU.ActiveCfg = Release|Any CPU
		{93D822DE-C183-4E28-AFD5-CC64BEBFF5D9}.Release|Any CPU.Build.0 = Release|Any CPU
		{71E96838-3A1D-4FCB-A803-BF13D6930111}.Debug|Any CPU.ActiveCfg = Debug|Any CPU
		{71E96838-3A1D-4FCB-A803-BF13D6930111}.Debug|Any CPU.Build.0 = Debug|Any CPU
		{71E96838-3A1D-4FCB-A803-BF13D6930111}.Release|Any CPU.ActiveCfg = Release|Any CPU
		{71E96838-3A1D-4FCB-A803-BF13D6930111}.Release|Any CPU.Build.0 = Release|Any CPU
		{256EE355-7E81-4F64-BDE8-F98E3F09456B}.Debug|Any CPU.ActiveCfg = Debug|Any CPU
		{256EE355-7E81-4F64-BDE8-F98E3F09456B}.Debug|Any CPU.Build.0 = Debug|Any CPU
		{256EE355-7E81-4F64-BDE8-F98E3F09456B}.Release|Any CPU.ActiveCfg = Release|Any CPU
		{256EE355-7E81-4F64-BDE8-F98E3F09456B}.Release|Any CPU.Build.0 = Release|Any CPU
		{5494BCB3-C735-411A-B93E-FE806E08E5BD}.Debug|Any CPU.ActiveCfg = Debug|Any CPU
		{5494BCB3-C735-411A-B93E-FE806E08E5BD}.Debug|Any CPU.Build.0 = Debug|Any CPU
		{5494BCB3-C735-411A-B93E-FE806E08E5BD}.Release|Any CPU.ActiveCfg = Release|Any CPU
		{5494BCB3-C735-411A-B93E-FE806E08E5BD}.Release|Any CPU.Build.0 = Release|Any CPU
		{BFE72E9F-EAC4-480F-9D01-D3E6E2BD9EA2}.Debug|Any CPU.ActiveCfg = Debug|Any CPU
		{BFE72E9F-EAC4-480F-9D01-D3E6E2BD9EA2}.Debug|Any CPU.Build.0 = Debug|Any CPU
		{BFE72E9F-EAC4-480F-9D01-D3E6E2BD9EA2}.Release|Any CPU.ActiveCfg = Release|Any CPU
		{BFE72E9F-EAC4-480F-9D01-D3E6E2BD9EA2}.Release|Any CPU.Build.0 = Release|Any CPU
		{FD10EE56-43E8-418D-BB2A-BAF11C9CA955}.Debug|Any CPU.ActiveCfg = Debug|Any CPU
		{FD10EE56-43E8-418D-BB2A-BAF11C9CA955}.Debug|Any CPU.Build.0 = Debug|Any CPU
		{FD10EE56-43E8-418D-BB2A-BAF11C9CA955}.Release|Any CPU.ActiveCfg = Release|Any CPU
		{FD10EE56-43E8-418D-BB2A-BAF11C9CA955}.Release|Any CPU.Build.0 = Release|Any CPU
		{72F4011D-D702-4BF5-B00D-E134931A7B06}.Debug|Any CPU.ActiveCfg = Debug|Any CPU
		{72F4011D-D702-4BF5-B00D-E134931A7B06}.Debug|Any CPU.Build.0 = Debug|Any CPU
		{72F4011D-D702-4BF5-B00D-E134931A7B06}.Release|Any CPU.ActiveCfg = Release|Any CPU
		{72F4011D-D702-4BF5-B00D-E134931A7B06}.Release|Any CPU.Build.0 = Release|Any CPU
	EndGlobalSection
	GlobalSection(SolutionProperties) = preSolution
		HideSolutionNode = FALSE
	EndGlobalSection
	GlobalSection(NestedProjects) = preSolution
		{AD0ABA4F-4043-478C-A1AB-2AA28C098A00} = {AB4977C4-9F88-4B93-8FF0-B885AC45A459}
		{EE52ABDC-C669-4692-9D1D-1E3004370340} = {AB4977C4-9F88-4B93-8FF0-B885AC45A459}
		{93D822DE-C183-4E28-AFD5-CC64BEBFF5D9} = {AB4977C4-9F88-4B93-8FF0-B885AC45A459}
		{71E96838-3A1D-4FCB-A803-BF13D6930111} = {07D62C67-83B5-462E-82D0-C31E461089C5}
		{0B218CB2-B0EE-40C8-8415-83060A7DEE21} = {60290312-B801-4DB7-844F-1759FD31860C}
		{256EE355-7E81-4F64-BDE8-F98E3F09456B} = {0B218CB2-B0EE-40C8-8415-83060A7DEE21}
		{3BF1403B-FF9B-4368-92B8-C24294AC91E0} = {60290312-B801-4DB7-844F-1759FD31860C}
		{5494BCB3-C735-411A-B93E-FE806E08E5BD} = {3BF1403B-FF9B-4368-92B8-C24294AC91E0}
		{FEAB84E2-D8A2-42E5-AF91-02A938BBF5ED} = {60290312-B801-4DB7-844F-1759FD31860C}
		{BFE72E9F-EAC4-480F-9D01-D3E6E2BD9EA2} = {FEAB84E2-D8A2-42E5-AF91-02A938BBF5ED}
		{FD10EE56-43E8-418D-BB2A-BAF11C9CA955} = {FEAB84E2-D8A2-42E5-AF91-02A938BBF5ED}
		{72F4011D-D702-4BF5-B00D-E134931A7B06} = {FEAB84E2-D8A2-42E5-AF91-02A938BBF5ED}
	EndGlobalSection
	GlobalSection(ExtensibilityGlobals) = postSolution
		SolutionGuid = {0394FED3-FF9E-4306-84BC-BC5D20944014}
	EndGlobalSection
EndGlobal
