
Microsoft Visual Studio Solution File, Format Version 12.00
# Visual Studio Version 16
VisualStudioVersion = 16.0.32228.343
MinimumVisualStudioVersion = 10.0.40219.1
Project("{2150E333-8FDC-42A3-9474-1A3956D46DE8}") = "Sample", "Sample", "{AB4977C4-9F88-4B93-8FF0-B885AC45A459}"
EndProject
Project("{FAE04EC0-301F-11D3-BF4B-00C04F79EFBC}") = "ConsoleApp0411", "Sample\ConsoleApp0411\ConsoleApp0411.csproj", "{AD0ABA4F-4043-478C-A1AB-2AA28C098A00}"
EndProject
Project("{FAE04EC0-301F-11D3-BF4B-00C04F79EFBC}") = "WindowsFormsApp1", "Sample\WindowsFormsApp1\WindowsFormsApp1.csproj", "{EE52ABDC-C669-4692-9D1D-1E3004370340}"
EndProject
Project("{FAE04EC0-301F-11D3-BF4B-00C04F79EFBC}") = "BallApp", "Sample\BallApp\BallApp.csproj", "{93D822DE-C183-4E28-AFD5-CC64BEBFF5D9}"
EndProject
Project("{2150E333-8FDC-42A3-9474-1A3956D46DE8}") = "Chapter01", "Chapter01", "{07D62C67-83B5-462E-82D0-C31E461089C5}"
EndProject
Project("{FAE04EC0-301F-11D3-BF4B-00C04F79EFBC}") = "ProductSample", "Chapter01\Product\ProductSample.csproj", "{71E96838-3A1D-4FCB-A803-BF13D6930111}"
EndProject
Project("{2150E333-8FDC-42A3-9474-1A3956D46DE8}") = "Chapter02", "Chapter02", "{60290312-B801-4DB7-844F-1759FD31860C}"
EndProject
Project("{2150E333-8FDC-42A3-9474-1A3956D46DE8}") = "距離換算プログラム", "距離換算プログラム", "{0B218CB2-B0EE-40C8-8415-83060A7DEE21}"
EndProject
Project("{FAE04EC0-301F-11D3-BF4B-00C04F79EFBC}") = "DistanceConverter", "Chapter02\距離換算プログラム\DistanceConverter\DistanceConverter.csproj", "{256EE355-7E81-4F64-BDE8-F98E3F09456B}"
EndProject
Project("{2150E333-8FDC-42A3-9474-1A3956D46DE8}") = "売り上げ集計プログラム", "売り上げ集計プログラム", "{3BF1403B-FF9B-4368-92B8-C24294AC91E0}"
EndProject
Project("{FAE04EC0-301F-11D3-BF4B-00C04F79EFBC}") = "SalesCalculator", "Chapter02\売り上げ集計プログラム\SalesCalculator\SalesCalculator.csproj", "{5494BCB3-C735-411A-B93E-FE806E08E5BD}"
EndProject
Project("{2150E333-8FDC-42A3-9474-1A3956D46DE8}") = "演習問題", "演習問題", "{FEAB84E2-D8A2-42E5-AF91-02A938BBF5ED}"
EndProject
Project("{FAE04EC0-301F-11D3-BF4B-00C04F79EFBC}") = "Exercise01", "Chapter02\演習問題\Exercise01\Exercise01.csproj", "{BFE72E9F-EAC4-480F-9D01-D3E6E2BD9EA2}"
EndProject
Project("{FAE04EC0-301F-11D3-BF4B-00C04F79EFBC}") = "Exercise02", "Chapter02\演習問題\Exercise02\Exercise02.csproj", "{FD10EE56-43E8-418D-BB2A-BAF11C9CA955}"
EndProject
Project("{FAE04EC0-301F-11D3-BF4B-00C04F79EFBC}") = "Exercise03", "Chapter02\演習問題\Exercise03\Exercise03.csproj", "{72F4011D-D702-4BF5-B00D-E134931A7B06}"
EndProject
Project("{2150E333-8FDC-42A3-9474-1A3956D46DE8}") = "Chapter03", "Chapter03", "{488EAB35-F8D2-45F5-9CB7-78AC0FCB6F8D}"
EndProject
Project("{FAE04EC0-301F-11D3-BF4B-00C04F79EFBC}") = "Section01", "Chapter03\Section01\Section01.csproj", "{990D090A-CC74-4324-8494-937ADBF5E547}"
EndProject
Project("{FAE04EC0-301F-11D3-BF4B-00C04F79EFBC}") = "Section03", "Chapter03\Section03\Section03.csproj", "{BBFE8078-80AF-4AF7-97B9-72D6EC994C7F}"
EndProject
Project("{FAE04EC0-301F-11D3-BF4B-00C04F79EFBC}") = "Section04", "Chapter03\Section04\Section04.csproj", "{D2D2284A-B35E-4900-8D28-21FC59C59B5D}"
EndProject
Project("{2150E333-8FDC-42A3-9474-1A3956D46DE8}") = "演習問題", "演習問題", "{C9632EBA-5FD6-4E19-B113-EFF23FE97DA0}"
EndProject
Project("{FAE04EC0-301F-11D3-BF4B-00C04F79EFBC}") = "Exercise01", "Chapter03\演習問題\Exercise01\Exercise01.csproj", "{8FD6C258-D7F9-45A0-9F9F-2F2E7E381640}"
EndProject
Project("{FAE04EC0-301F-11D3-BF4B-00C04F79EFBC}") = "Exercise02", "Chapter03\演習問題\Exercise02\Exercise02.csproj", "{EBB9C1DA-8BB0-48CA-97AF-8457C469BBC2}"
EndProject
Project("{2150E333-8FDC-42A3-9474-1A3956D46DE8}") = "Chapter04", "Chapter04", "{4F963FF8-348C-49BB-ACCA-D1350A52E789}"
EndProject
Project("{2150E333-8FDC-42A3-9474-1A3956D46DE8}") = "P115_条件演算子・null合体演算子", "P115_条件演算子・null合体演算子", "{A26F6620-CE55-48C7-A3C5-F31C07E1E550}"
EndProject
Project("{FAE04EC0-301F-11D3-BF4B-00C04F79EFBC}") = "Section04", "Chapter04\条件演算子・null合体演算子\Section04\Section04.csproj", "{B721C7E8-B2D7-4D83-A359-70F4E7C71535}"
EndProject
Project("{2150E333-8FDC-42A3-9474-1A3956D46DE8}") = "P126_TryParse", "P126_TryParse", "{7411FD17-409D-45F7-B746-377DC83FA636}"
EndProject
Project("{FAE04EC0-301F-11D3-BF4B-00C04F79EFBC}") = "Section07", "Chapter04\TryParse\Section07\Section07.csproj", "{E92512D1-A67A-4709-906C-7F6EAE2BB12D}"
EndProject
Project("{2150E333-8FDC-42A3-9474-1A3956D46DE8}") = "演習問題", "演習問題", "{9411BD93-F1FC-4AFF-9771-FE5D299DACD6}"
EndProject
Project("{FAE04EC0-301F-11D3-BF4B-00C04F79EFBC}") = "Exercise01", "Chapter04\演習問題\Exercise01\Exercise01.csproj", "{BB58AF17-952F-44A2-8A41-ECF0D660D92B}"
EndProject
Project("{FAE04EC0-301F-11D3-BF4B-00C04F79EFBC}") = "Exercise02", "Chapter04\演習問題\Exercise02\Exercise02.csproj", "{BBE220B4-1400-4913-B819-5A9569D66236}"
EndProject
Project("{2150E333-8FDC-42A3-9474-1A3956D46DE8}") = "Chapter05", "Chapter05", "{288841A6-1A19-4AD4-BB44-D90CC22A43AA}"
EndProject
Project("{2150E333-8FDC-42A3-9474-1A3956D46DE8}") = "演習問題", "演習問題", "{C0DACDAD-8932-4216-907B-3FE098E38304}"
EndProject
Project("{FAE04EC0-301F-11D3-BF4B-00C04F79EFBC}") = "Exercise01", "Chapter05\演習問題\Exercise01\Exercise01.csproj", "{203F8367-7847-4426-835F-E5C52A003B27}"
EndProject
Project("{FAE04EC0-301F-11D3-BF4B-00C04F79EFBC}") = "Exercise02", "Chapter05\演習問題\Exercise02\Exercise02.csproj", "{3156C474-06AD-4E08-8C1D-06EDABBEC697}"
EndProject
Project("{FAE04EC0-301F-11D3-BF4B-00C04F79EFBC}") = "Exercise03", "Chapter05\演習問題\Exercise03\Exercise03.csproj", "{DE3D95D2-E51F-453E-83CF-3F500F9A00CC}"
EndProject
Project("{FAE04EC0-301F-11D3-BF4B-00C04F79EFBC}") = "Exercise04", "Chapter05\演習問題\Exercise04\Exercise04.csproj", "{3C9E735A-5BE3-414E-B2A0-8DA569EC28AA}"
EndProject
Project("{2150E333-8FDC-42A3-9474-1A3956D46DE8}") = "Chapter06", "Chapter06", "{8B783809-0A49-4C1D-A6A3-3A988B2373CB}"
EndProject
Project("{2150E333-8FDC-42A3-9474-1A3956D46DE8}") = "演習問題", "演習問題", "{87469745-8AB4-43B7-B03E-3E8610B344F6}"
EndProject
Project("{FAE04EC0-301F-11D3-BF4B-00C04F79EFBC}") = "Section01", "Chapter06\Section01\Section01.csproj", "{AFCBAD22-5F3C-4F5B-81A7-7610318DE419}"
EndProject
Project("{FAE04EC0-301F-11D3-BF4B-00C04F79EFBC}") = "Section02", "Chapter06\Section02\Section02.csproj", "{5A1047E1-DFDA-471D-8FD8-E4155D3C6DC5}"
EndProject
Project("{FAE04EC0-301F-11D3-BF4B-00C04F79EFBC}") = "Exercise01", "Chapter06\演習問題\Exercise01\Exercise01.csproj", "{60C483D0-1699-4201-8F42-B0329D5115C4}"
EndProject
Project("{FAE04EC0-301F-11D3-BF4B-00C04F79EFBC}") = "Exercise02", "Chapter06\演習問題\Exercise02\Exercise02.csproj", "{FD51B2F5-B367-4C28-BB44-1F7D1319A286}"
EndProject
Project("{2150E333-8FDC-42A3-9474-1A3956D46DE8}") = "試験01", "試験01", "{F30098C6-C7EF-4417-A5BD-0ABA2FDFDDEB}"
EndProject
Project("{FAE04EC0-301F-11D3-BF4B-00C04F79EFBC}") = "Test01", "TestProject\Test01\Test01.csproj", "{2BFACDC3-F44D-4199-8498-F5C3C4AC0335}"
EndProject
Project("{FAE04EC0-301F-11D3-BF4B-00C04F79EFBC}") = "Test02", "TestProject\Test02\Test02.csproj", "{E461C0A8-8900-485C-B520-E929BA33F712}"
EndProject
Project("{2150E333-8FDC-42A3-9474-1A3956D46DE8}") = "Chapter07", "Chapter07", "{5D04CE43-32B9-4412-9555-50724160CFA6}"
EndProject
Project("{FAE04EC0-301F-11D3-BF4B-00C04F79EFBC}") = "Section01", "Chapter07\Section01\Section01.csproj", "{88FBF8E0-3657-4D5E-A565-545C70CE76D6}"
EndProject
Project("{FAE04EC0-301F-11D3-BF4B-00C04F79EFBC}") = "Section02", "Chapter07\Section02\Section02.csproj", "{8C01D824-6428-424D-B174-27EE88E97B44}"
EndProject
Project("{FAE04EC0-301F-11D3-BF4B-00C04F79EFBC}") = "Section03", "Chapter07\Section03\Section03.csproj", "{EC9EEAFB-98F6-42C2-AC96-640610C7FA32}"
EndProject
Project("{2150E333-8FDC-42A3-9474-1A3956D46DE8}") = "演習問題", "演習問題", "{2E7AC2EC-B0CF-4EC7-9B24-F0F512125029}"
EndProject
Project("{FAE04EC0-301F-11D3-BF4B-00C04F79EFBC}") = "Exercise01", "Chapter07\演習問題\Exercise01\Exercise01.csproj", "{FED87B82-28B2-49B5-B19B-5C37501BC05E}"
EndProject
Project("{FAE04EC0-301F-11D3-BF4B-00C04F79EFBC}") = "Exercise02", "Chapter07\演習問題\Exercise02\Exercise02.csproj", "{05F423AB-919C-47B1-B1F2-2D4361585D95}"
EndProject
Project("{2150E333-8FDC-42A3-9474-1A3956D46DE8}") = "Chapter08", "Chapter08", "{6C6E1368-CD10-430B-A3AD-9095986C3B0A}"
EndProject
Project("{2150E333-8FDC-42A3-9474-1A3956D46DE8}") = "演習問題", "演習問題", "{FE0326E3-E020-4B2E-897C-CD2909CD1E58}"
EndProject
Project("{FAE04EC0-301F-11D3-BF4B-00C04F79EFBC}") = "Exercise01", "Chapter08\演習問題\Exercise01\Exercise01.csproj", "{A2C1BC7C-922B-405B-94E5-736C937DC89A}"
EndProject
Project("{FAE04EC0-301F-11D3-BF4B-00C04F79EFBC}") = "Exercise02", "Chapter08\演習問題\Exercise02\Exercise02.csproj", "{29C2B7F9-6C6E-4CA8-9736-5D957F23508B}"
EndProject
Project("{FAE04EC0-301F-11D3-BF4B-00C04F79EFBC}") = "Exercise03", "Chapter08\演習問題\Exercise03\Exercise03.csproj", "{D5458294-84BE-40F7-818B-51F8EDE57C06}"
EndProject
Project("{2150E333-8FDC-42A3-9474-1A3956D46DE8}") = "フォームアプリケーション", "フォームアプリケーション", "{868815BF-BBF6-45E0-86B3-327DCA6CCD69}"
EndProject
Project("{FAE04EC0-301F-11D3-BF4B-00C04F79EFBC}") = "CalenderApp", "Chapter08\フォームアプリケーション\CalenderApp\CalenderApp.csproj", "{B6F841E7-18DD-4B2D-94C0-56F0762384BC}"
EndProject
Project("{2150E333-8FDC-42A3-9474-1A3956D46DE8}") = "FormApp", "FormApp", "{916FE371-DF04-48D9-8E25-F6829D8995B4}"
EndProject
Project("{FAE04EC0-301F-11D3-BF4B-00C04F79EFBC}") = "CarReportSystem", "FormApps\CarReportSystem\CarReportSystem.csproj", "{84A1C25D-6DE3-43A1-891E-B024A3AC1F48}"
EndProject
Project("{2150E333-8FDC-42A3-9474-1A3956D46DE8}") = "Chapter12", "Chapter12", "{53C551D1-C227-4C6E-AF8B-B6A9042AAE9C}"
EndProject
Project("{FAE04EC0-301F-11D3-BF4B-00C04F79EFBC}") = "Exercise01", "Chapter12\Exercise01\Exercise01.csproj", "{0CE0DA50-FC21-41D0-B834-88408CAA797A}"
EndProject
Project("{FAE04EC0-301F-11D3-BF4B-00C04F79EFBC}") = "Exercise02", "Chapter12\Exercise02\Exercise02.csproj", "{CE06D117-A92F-4BD0-A55F-2BC058B89449}"
EndProject
Project("{2150E333-8FDC-42A3-9474-1A3956D46DE8}") = "Chapter13", "Chapter13", "{A0A8B65B-23ED-473D-A446-11EDE5B7D325}"
EndProject
Project("{FAE04EC0-301F-11D3-BF4B-00C04F79EFBC}") = "SampleEntityFramework", "Chapter13\SampleEntityFramework\SampleEntityFramework.csproj", "{D0EE1446-9788-492F-8082-B6061C819265}"
EndProject
Project("{2150E333-8FDC-42A3-9474-1A3956D46DE8}") = "Chapter14", "Chapter14", "{725B8ADE-F271-46D5-A2A0-AADBB93C2B2C}"
EndProject
Project("{FAE04EC0-301F-11D3-BF4B-00C04F79EFBC}") = "Section01", "Chapter14\Section01\Section01.csproj", "{C5C7A95C-371E-4223-BEA5-E966582D8353}"
EndProject
Project("{FAE04EC0-301F-11D3-BF4B-00C04F79EFBC}") = "Section02", "Chapter14\Section02\Section02.csproj", "{BDA7DDC0-3320-449E-BBBF-9878EB93B7C1}"
EndProject
Project("{FAE04EC0-301F-11D3-BF4B-00C04F79EFBC}") = "Section04", "Chapter14\Section04\Section04.csproj", "{81A1852D-7A48-4BF6-B045-510042203AB4}"
EndProject
Project("{FAE04EC0-301F-11D3-BF4B-00C04F79EFBC}") = "RssReader", "FormApps\RssReader\RssReader.csproj", "{AE121C44-5AF9-4636-A0B3-34F47C8B87A9}"
EndProject
Project("{2150E333-8FDC-42A3-9474-1A3956D46DE8}") = "Chapter10", "Chapter10", "{84D98186-2F6D-4BF9-B841-14920E8A0202}"
EndProject
Project("{FAE04EC0-301F-11D3-BF4B-00C04F79EFBC}") = "Section02", "Chapter10\Section02\Section02.csproj", "{92F83035-FE05-4072-9BD7-A0A72561DF2E}"
EndProject
Project("{FAE04EC0-301F-11D3-BF4B-00C04F79EFBC}") = "Section03", "Chapter10\Section03\Section03.csproj", "{4814BAF0-C540-4423-A8FE-BBFA5DBA62B7}"
EndProject
Global
	GlobalSection(SolutionConfigurationPlatforms) = preSolution
		Debug|Any CPU = Debug|Any CPU
		Release|Any CPU = Release|Any CPU
	EndGlobalSection
	GlobalSection(ProjectConfigurationPlatforms) = postSolution
		{AD0ABA4F-4043-478C-A1AB-2AA28C098A00}.Debug|Any CPU.ActiveCfg = Debug|Any CPU
		{AD0ABA4F-4043-478C-A1AB-2AA28C098A00}.Debug|Any CPU.Build.0 = Debug|Any CPU
		{AD0ABA4F-4043-478C-A1AB-2AA28C098A00}.Release|Any CPU.ActiveCfg = Release|Any CPU
		{AD0ABA4F-4043-478C-A1AB-2AA28C098A00}.Release|Any CPU.Build.0 = Release|Any CPU
		{EE52ABDC-C669-4692-9D1D-1E3004370340}.Debug|Any CPU.ActiveCfg = Debug|Any CPU
		{EE52ABDC-C669-4692-9D1D-1E3004370340}.Debug|Any CPU.Build.0 = Debug|Any CPU
		{EE52ABDC-C669-4692-9D1D-1E3004370340}.Release|Any CPU.ActiveCfg = Release|Any CPU
		{EE52ABDC-C669-4692-9D1D-1E3004370340}.Release|Any CPU.Build.0 = Release|Any CPU
		{93D822DE-C183-4E28-AFD5-CC64BEBFF5D9}.Debug|Any CPU.ActiveCfg = Debug|Any CPU
		{93D822DE-C183-4E28-AFD5-CC64BEBFF5D9}.Debug|Any CPU.Build.0 = Debug|Any CPU
		{93D822DE-C183-4E28-AFD5-CC64BEBFF5D9}.Release|Any CPU.ActiveCfg = Release|Any CPU
		{93D822DE-C183-4E28-AFD5-CC64BEBFF5D9}.Release|Any CPU.Build.0 = Release|Any CPU
		{71E96838-3A1D-4FCB-A803-BF13D6930111}.Debug|Any CPU.ActiveCfg = Debug|Any CPU
		{71E96838-3A1D-4FCB-A803-BF13D6930111}.Debug|Any CPU.Build.0 = Debug|Any CPU
		{71E96838-3A1D-4FCB-A803-BF13D6930111}.Release|Any CPU.ActiveCfg = Release|Any CPU
		{71E96838-3A1D-4FCB-A803-BF13D6930111}.Release|Any CPU.Build.0 = Release|Any CPU
		{256EE355-7E81-4F64-BDE8-F98E3F09456B}.Debug|Any CPU.ActiveCfg = Debug|Any CPU
		{256EE355-7E81-4F64-BDE8-F98E3F09456B}.Debug|Any CPU.Build.0 = Debug|Any CPU
		{256EE355-7E81-4F64-BDE8-F98E3F09456B}.Release|Any CPU.ActiveCfg = Release|Any CPU
		{256EE355-7E81-4F64-BDE8-F98E3F09456B}.Release|Any CPU.Build.0 = Release|Any CPU
		{5494BCB3-C735-411A-B93E-FE806E08E5BD}.Debug|Any CPU.ActiveCfg = Debug|Any CPU
		{5494BCB3-C735-411A-B93E-FE806E08E5BD}.Debug|Any CPU.Build.0 = Debug|Any CPU
		{5494BCB3-C735-411A-B93E-FE806E08E5BD}.Release|Any CPU.ActiveCfg = Release|Any CPU
		{5494BCB3-C735-411A-B93E-FE806E08E5BD}.Release|Any CPU.Build.0 = Release|Any CPU
		{BFE72E9F-EAC4-480F-9D01-D3E6E2BD9EA2}.Debug|Any CPU.ActiveCfg = Debug|Any CPU
		{BFE72E9F-EAC4-480F-9D01-D3E6E2BD9EA2}.Debug|Any CPU.Build.0 = Debug|Any CPU
		{BFE72E9F-EAC4-480F-9D01-D3E6E2BD9EA2}.Release|Any CPU.ActiveCfg = Release|Any CPU
		{BFE72E9F-EAC4-480F-9D01-D3E6E2BD9EA2}.Release|Any CPU.Build.0 = Release|Any CPU
		{FD10EE56-43E8-418D-BB2A-BAF11C9CA955}.Debug|Any CPU.ActiveCfg = Debug|Any CPU
		{FD10EE56-43E8-418D-BB2A-BAF11C9CA955}.Debug|Any CPU.Build.0 = Debug|Any CPU
		{FD10EE56-43E8-418D-BB2A-BAF11C9CA955}.Release|Any CPU.ActiveCfg = Release|Any CPU
		{FD10EE56-43E8-418D-BB2A-BAF11C9CA955}.Release|Any CPU.Build.0 = Release|Any CPU
		{72F4011D-D702-4BF5-B00D-E134931A7B06}.Debug|Any CPU.ActiveCfg = Debug|Any CPU
		{72F4011D-D702-4BF5-B00D-E134931A7B06}.Debug|Any CPU.Build.0 = Debug|Any CPU
		{72F4011D-D702-4BF5-B00D-E134931A7B06}.Release|Any CPU.ActiveCfg = Release|Any CPU
		{72F4011D-D702-4BF5-B00D-E134931A7B06}.Release|Any CPU.Build.0 = Release|Any CPU
		{990D090A-CC74-4324-8494-937ADBF5E547}.Debug|Any CPU.ActiveCfg = Debug|Any CPU
		{990D090A-CC74-4324-8494-937ADBF5E547}.Debug|Any CPU.Build.0 = Debug|Any CPU
		{990D090A-CC74-4324-8494-937ADBF5E547}.Release|Any CPU.ActiveCfg = Release|Any CPU
		{990D090A-CC74-4324-8494-937ADBF5E547}.Release|Any CPU.Build.0 = Release|Any CPU
		{BBFE8078-80AF-4AF7-97B9-72D6EC994C7F}.Debug|Any CPU.ActiveCfg = Debug|Any CPU
		{BBFE8078-80AF-4AF7-97B9-72D6EC994C7F}.Debug|Any CPU.Build.0 = Debug|Any CPU
		{BBFE8078-80AF-4AF7-97B9-72D6EC994C7F}.Release|Any CPU.ActiveCfg = Release|Any CPU
		{BBFE8078-80AF-4AF7-97B9-72D6EC994C7F}.Release|Any CPU.Build.0 = Release|Any CPU
		{D2D2284A-B35E-4900-8D28-21FC59C59B5D}.Debug|Any CPU.ActiveCfg = Debug|Any CPU
		{D2D2284A-B35E-4900-8D28-21FC59C59B5D}.Debug|Any CPU.Build.0 = Debug|Any CPU
		{D2D2284A-B35E-4900-8D28-21FC59C59B5D}.Release|Any CPU.ActiveCfg = Release|Any CPU
		{D2D2284A-B35E-4900-8D28-21FC59C59B5D}.Release|Any CPU.Build.0 = Release|Any CPU
		{8FD6C258-D7F9-45A0-9F9F-2F2E7E381640}.Debug|Any CPU.ActiveCfg = Debug|Any CPU
		{8FD6C258-D7F9-45A0-9F9F-2F2E7E381640}.Debug|Any CPU.Build.0 = Debug|Any CPU
		{8FD6C258-D7F9-45A0-9F9F-2F2E7E381640}.Release|Any CPU.ActiveCfg = Release|Any CPU
		{8FD6C258-D7F9-45A0-9F9F-2F2E7E381640}.Release|Any CPU.Build.0 = Release|Any CPU
		{EBB9C1DA-8BB0-48CA-97AF-8457C469BBC2}.Debug|Any CPU.ActiveCfg = Debug|Any CPU
		{EBB9C1DA-8BB0-48CA-97AF-8457C469BBC2}.Debug|Any CPU.Build.0 = Debug|Any CPU
		{EBB9C1DA-8BB0-48CA-97AF-8457C469BBC2}.Release|Any CPU.ActiveCfg = Release|Any CPU
		{EBB9C1DA-8BB0-48CA-97AF-8457C469BBC2}.Release|Any CPU.Build.0 = Release|Any CPU
		{B721C7E8-B2D7-4D83-A359-70F4E7C71535}.Debug|Any CPU.ActiveCfg = Debug|Any CPU
		{B721C7E8-B2D7-4D83-A359-70F4E7C71535}.Debug|Any CPU.Build.0 = Debug|Any CPU
		{B721C7E8-B2D7-4D83-A359-70F4E7C71535}.Release|Any CPU.ActiveCfg = Release|Any CPU
		{B721C7E8-B2D7-4D83-A359-70F4E7C71535}.Release|Any CPU.Build.0 = Release|Any CPU
		{E92512D1-A67A-4709-906C-7F6EAE2BB12D}.Debug|Any CPU.ActiveCfg = Debug|Any CPU
		{E92512D1-A67A-4709-906C-7F6EAE2BB12D}.Debug|Any CPU.Build.0 = Debug|Any CPU
		{E92512D1-A67A-4709-906C-7F6EAE2BB12D}.Release|Any CPU.ActiveCfg = Release|Any CPU
		{E92512D1-A67A-4709-906C-7F6EAE2BB12D}.Release|Any CPU.Build.0 = Release|Any CPU
		{BB58AF17-952F-44A2-8A41-ECF0D660D92B}.Debug|Any CPU.ActiveCfg = Debug|Any CPU
		{BB58AF17-952F-44A2-8A41-ECF0D660D92B}.Debug|Any CPU.Build.0 = Debug|Any CPU
		{BB58AF17-952F-44A2-8A41-ECF0D660D92B}.Release|Any CPU.ActiveCfg = Release|Any CPU
		{BB58AF17-952F-44A2-8A41-ECF0D660D92B}.Release|Any CPU.Build.0 = Release|Any CPU
		{BBE220B4-1400-4913-B819-5A9569D66236}.Debug|Any CPU.ActiveCfg = Debug|Any CPU
		{BBE220B4-1400-4913-B819-5A9569D66236}.Debug|Any CPU.Build.0 = Debug|Any CPU
		{BBE220B4-1400-4913-B819-5A9569D66236}.Release|Any CPU.ActiveCfg = Release|Any CPU
		{BBE220B4-1400-4913-B819-5A9569D66236}.Release|Any CPU.Build.0 = Release|Any CPU
		{203F8367-7847-4426-835F-E5C52A003B27}.Debug|Any CPU.ActiveCfg = Debug|Any CPU
		{203F8367-7847-4426-835F-E5C52A003B27}.Debug|Any CPU.Build.0 = Debug|Any CPU
		{203F8367-7847-4426-835F-E5C52A003B27}.Release|Any CPU.ActiveCfg = Release|Any CPU
		{203F8367-7847-4426-835F-E5C52A003B27}.Release|Any CPU.Build.0 = Release|Any CPU
		{3156C474-06AD-4E08-8C1D-06EDABBEC697}.Debug|Any CPU.ActiveCfg = Debug|Any CPU
		{3156C474-06AD-4E08-8C1D-06EDABBEC697}.Debug|Any CPU.Build.0 = Debug|Any CPU
		{3156C474-06AD-4E08-8C1D-06EDABBEC697}.Release|Any CPU.ActiveCfg = Release|Any CPU
		{3156C474-06AD-4E08-8C1D-06EDABBEC697}.Release|Any CPU.Build.0 = Release|Any CPU
		{DE3D95D2-E51F-453E-83CF-3F500F9A00CC}.Debug|Any CPU.ActiveCfg = Debug|Any CPU
		{DE3D95D2-E51F-453E-83CF-3F500F9A00CC}.Debug|Any CPU.Build.0 = Debug|Any CPU
		{DE3D95D2-E51F-453E-83CF-3F500F9A00CC}.Release|Any CPU.ActiveCfg = Release|Any CPU
		{DE3D95D2-E51F-453E-83CF-3F500F9A00CC}.Release|Any CPU.Build.0 = Release|Any CPU
		{3C9E735A-5BE3-414E-B2A0-8DA569EC28AA}.Debug|Any CPU.ActiveCfg = Debug|Any CPU
		{3C9E735A-5BE3-414E-B2A0-8DA569EC28AA}.Debug|Any CPU.Build.0 = Debug|Any CPU
		{3C9E735A-5BE3-414E-B2A0-8DA569EC28AA}.Release|Any CPU.ActiveCfg = Release|Any CPU
		{3C9E735A-5BE3-414E-B2A0-8DA569EC28AA}.Release|Any CPU.Build.0 = Release|Any CPU
		{AFCBAD22-5F3C-4F5B-81A7-7610318DE419}.Debug|Any CPU.ActiveCfg = Debug|Any CPU
		{AFCBAD22-5F3C-4F5B-81A7-7610318DE419}.Debug|Any CPU.Build.0 = Debug|Any CPU
		{AFCBAD22-5F3C-4F5B-81A7-7610318DE419}.Release|Any CPU.ActiveCfg = Release|Any CPU
		{AFCBAD22-5F3C-4F5B-81A7-7610318DE419}.Release|Any CPU.Build.0 = Release|Any CPU
		{5A1047E1-DFDA-471D-8FD8-E4155D3C6DC5}.Debug|Any CPU.ActiveCfg = Debug|Any CPU
		{5A1047E1-DFDA-471D-8FD8-E4155D3C6DC5}.Debug|Any CPU.Build.0 = Debug|Any CPU
		{5A1047E1-DFDA-471D-8FD8-E4155D3C6DC5}.Release|Any CPU.ActiveCfg = Release|Any CPU
		{5A1047E1-DFDA-471D-8FD8-E4155D3C6DC5}.Release|Any CPU.Build.0 = Release|Any CPU
		{60C483D0-1699-4201-8F42-B0329D5115C4}.Debug|Any CPU.ActiveCfg = Debug|Any CPU
		{60C483D0-1699-4201-8F42-B0329D5115C4}.Debug|Any CPU.Build.0 = Debug|Any CPU
		{60C483D0-1699-4201-8F42-B0329D5115C4}.Release|Any CPU.ActiveCfg = Release|Any CPU
		{60C483D0-1699-4201-8F42-B0329D5115C4}.Release|Any CPU.Build.0 = Release|Any CPU
		{FD51B2F5-B367-4C28-BB44-1F7D1319A286}.Debug|Any CPU.ActiveCfg = Debug|Any CPU
		{FD51B2F5-B367-4C28-BB44-1F7D1319A286}.Debug|Any CPU.Build.0 = Debug|Any CPU
		{FD51B2F5-B367-4C28-BB44-1F7D1319A286}.Release|Any CPU.ActiveCfg = Release|Any CPU
		{FD51B2F5-B367-4C28-BB44-1F7D1319A286}.Release|Any CPU.Build.0 = Release|Any CPU
		{2BFACDC3-F44D-4199-8498-F5C3C4AC0335}.Debug|Any CPU.ActiveCfg = Debug|Any CPU
		{2BFACDC3-F44D-4199-8498-F5C3C4AC0335}.Debug|Any CPU.Build.0 = Debug|Any CPU
		{2BFACDC3-F44D-4199-8498-F5C3C4AC0335}.Release|Any CPU.ActiveCfg = Release|Any CPU
		{2BFACDC3-F44D-4199-8498-F5C3C4AC0335}.Release|Any CPU.Build.0 = Release|Any CPU
		{E461C0A8-8900-485C-B520-E929BA33F712}.Debug|Any CPU.ActiveCfg = Debug|Any CPU
		{E461C0A8-8900-485C-B520-E929BA33F712}.Debug|Any CPU.Build.0 = Debug|Any CPU
		{E461C0A8-8900-485C-B520-E929BA33F712}.Release|Any CPU.ActiveCfg = Release|Any CPU
		{E461C0A8-8900-485C-B520-E929BA33F712}.Release|Any CPU.Build.0 = Release|Any CPU
		{88FBF8E0-3657-4D5E-A565-545C70CE76D6}.Debug|Any CPU.ActiveCfg = Debug|Any CPU
		{88FBF8E0-3657-4D5E-A565-545C70CE76D6}.Debug|Any CPU.Build.0 = Debug|Any CPU
		{88FBF8E0-3657-4D5E-A565-545C70CE76D6}.Release|Any CPU.ActiveCfg = Release|Any CPU
		{88FBF8E0-3657-4D5E-A565-545C70CE76D6}.Release|Any CPU.Build.0 = Release|Any CPU
		{8C01D824-6428-424D-B174-27EE88E97B44}.Debug|Any CPU.ActiveCfg = Debug|Any CPU
		{8C01D824-6428-424D-B174-27EE88E97B44}.Debug|Any CPU.Build.0 = Debug|Any CPU
		{8C01D824-6428-424D-B174-27EE88E97B44}.Release|Any CPU.ActiveCfg = Release|Any CPU
		{8C01D824-6428-424D-B174-27EE88E97B44}.Release|Any CPU.Build.0 = Release|Any CPU
		{EC9EEAFB-98F6-42C2-AC96-640610C7FA32}.Debug|Any CPU.ActiveCfg = Debug|Any CPU
		{EC9EEAFB-98F6-42C2-AC96-640610C7FA32}.Debug|Any CPU.Build.0 = Debug|Any CPU
		{EC9EEAFB-98F6-42C2-AC96-640610C7FA32}.Release|Any CPU.ActiveCfg = Release|Any CPU
		{EC9EEAFB-98F6-42C2-AC96-640610C7FA32}.Release|Any CPU.Build.0 = Release|Any CPU
		{FED87B82-28B2-49B5-B19B-5C37501BC05E}.Debug|Any CPU.ActiveCfg = Debug|Any CPU
		{FED87B82-28B2-49B5-B19B-5C37501BC05E}.Debug|Any CPU.Build.0 = Debug|Any CPU
		{FED87B82-28B2-49B5-B19B-5C37501BC05E}.Release|Any CPU.ActiveCfg = Release|Any CPU
		{FED87B82-28B2-49B5-B19B-5C37501BC05E}.Release|Any CPU.Build.0 = Release|Any CPU
		{05F423AB-919C-47B1-B1F2-2D4361585D95}.Debug|Any CPU.ActiveCfg = Debug|Any CPU
		{05F423AB-919C-47B1-B1F2-2D4361585D95}.Debug|Any CPU.Build.0 = Debug|Any CPU
		{05F423AB-919C-47B1-B1F2-2D4361585D95}.Release|Any CPU.ActiveCfg = Release|Any CPU
		{05F423AB-919C-47B1-B1F2-2D4361585D95}.Release|Any CPU.Build.0 = Release|Any CPU
		{A2C1BC7C-922B-405B-94E5-736C937DC89A}.Debug|Any CPU.ActiveCfg = Debug|Any CPU
		{A2C1BC7C-922B-405B-94E5-736C937DC89A}.Debug|Any CPU.Build.0 = Debug|Any CPU
		{A2C1BC7C-922B-405B-94E5-736C937DC89A}.Release|Any CPU.ActiveCfg = Release|Any CPU
		{A2C1BC7C-922B-405B-94E5-736C937DC89A}.Release|Any CPU.Build.0 = Release|Any CPU
		{29C2B7F9-6C6E-4CA8-9736-5D957F23508B}.Debug|Any CPU.ActiveCfg = Debug|Any CPU
		{29C2B7F9-6C6E-4CA8-9736-5D957F23508B}.Debug|Any CPU.Build.0 = Debug|Any CPU
		{29C2B7F9-6C6E-4CA8-9736-5D957F23508B}.Release|Any CPU.ActiveCfg = Release|Any CPU
		{29C2B7F9-6C6E-4CA8-9736-5D957F23508B}.Release|Any CPU.Build.0 = Release|Any CPU
		{D5458294-84BE-40F7-818B-51F8EDE57C06}.Debug|Any CPU.ActiveCfg = Debug|Any CPU
		{D5458294-84BE-40F7-818B-51F8EDE57C06}.Debug|Any CPU.Build.0 = Debug|Any CPU
		{D5458294-84BE-40F7-818B-51F8EDE57C06}.Release|Any CPU.ActiveCfg = Release|Any CPU
		{D5458294-84BE-40F7-818B-51F8EDE57C06}.Release|Any CPU.Build.0 = Release|Any CPU
		{B6F841E7-18DD-4B2D-94C0-56F0762384BC}.Debug|Any CPU.ActiveCfg = Debug|Any CPU
		{B6F841E7-18DD-4B2D-94C0-56F0762384BC}.Debug|Any CPU.Build.0 = Debug|Any CPU
		{B6F841E7-18DD-4B2D-94C0-56F0762384BC}.Release|Any CPU.ActiveCfg = Release|Any CPU
		{B6F841E7-18DD-4B2D-94C0-56F0762384BC}.Release|Any CPU.Build.0 = Release|Any CPU
		{84A1C25D-6DE3-43A1-891E-B024A3AC1F48}.Debug|Any CPU.ActiveCfg = Debug|Any CPU
		{84A1C25D-6DE3-43A1-891E-B024A3AC1F48}.Debug|Any CPU.Build.0 = Debug|Any CPU
		{84A1C25D-6DE3-43A1-891E-B024A3AC1F48}.Release|Any CPU.ActiveCfg = Release|Any CPU
		{84A1C25D-6DE3-43A1-891E-B024A3AC1F48}.Release|Any CPU.Build.0 = Release|Any CPU
		{0CE0DA50-FC21-41D0-B834-88408CAA797A}.Debug|Any CPU.ActiveCfg = Debug|Any CPU
		{0CE0DA50-FC21-41D0-B834-88408CAA797A}.Debug|Any CPU.Build.0 = Debug|Any CPU
		{0CE0DA50-FC21-41D0-B834-88408CAA797A}.Release|Any CPU.ActiveCfg = Release|Any CPU
		{0CE0DA50-FC21-41D0-B834-88408CAA797A}.Release|Any CPU.Build.0 = Release|Any CPU
		{CE06D117-A92F-4BD0-A55F-2BC058B89449}.Debug|Any CPU.ActiveCfg = Debug|Any CPU
		{CE06D117-A92F-4BD0-A55F-2BC058B89449}.Debug|Any CPU.Build.0 = Debug|Any CPU
		{CE06D117-A92F-4BD0-A55F-2BC058B89449}.Release|Any CPU.ActiveCfg = Release|Any CPU
		{CE06D117-A92F-4BD0-A55F-2BC058B89449}.Release|Any CPU.Build.0 = Release|Any CPU
		{D0EE1446-9788-492F-8082-B6061C819265}.Debug|Any CPU.ActiveCfg = Debug|Any CPU
		{D0EE1446-9788-492F-8082-B6061C819265}.Debug|Any CPU.Build.0 = Debug|Any CPU
		{D0EE1446-9788-492F-8082-B6061C819265}.Release|Any CPU.ActiveCfg = Release|Any CPU
		{D0EE1446-9788-492F-8082-B6061C819265}.Release|Any CPU.Build.0 = Release|Any CPU
		{C5C7A95C-371E-4223-BEA5-E966582D8353}.Debug|Any CPU.ActiveCfg = Debug|Any CPU
		{C5C7A95C-371E-4223-BEA5-E966582D8353}.Debug|Any CPU.Build.0 = Debug|Any CPU
		{C5C7A95C-371E-4223-BEA5-E966582D8353}.Release|Any CPU.ActiveCfg = Release|Any CPU
		{C5C7A95C-371E-4223-BEA5-E966582D8353}.Release|Any CPU.Build.0 = Release|Any CPU
		{BDA7DDC0-3320-449E-BBBF-9878EB93B7C1}.Debug|Any CPU.ActiveCfg = Debug|Any CPU
		{BDA7DDC0-3320-449E-BBBF-9878EB93B7C1}.Debug|Any CPU.Build.0 = Debug|Any CPU
		{BDA7DDC0-3320-449E-BBBF-9878EB93B7C1}.Release|Any CPU.ActiveCfg = Release|Any CPU
		{BDA7DDC0-3320-449E-BBBF-9878EB93B7C1}.Release|Any CPU.Build.0 = Release|Any CPU
		{81A1852D-7A48-4BF6-B045-510042203AB4}.Debug|Any CPU.ActiveCfg = Debug|Any CPU
		{81A1852D-7A48-4BF6-B045-510042203AB4}.Debug|Any CPU.Build.0 = Debug|Any CPU
		{81A1852D-7A48-4BF6-B045-510042203AB4}.Release|Any CPU.ActiveCfg = Release|Any CPU
		{81A1852D-7A48-4BF6-B045-510042203AB4}.Release|Any CPU.Build.0 = Release|Any CPU
		{AE121C44-5AF9-4636-A0B3-34F47C8B87A9}.Debug|Any CPU.ActiveCfg = Debug|Any CPU
		{AE121C44-5AF9-4636-A0B3-34F47C8B87A9}.Debug|Any CPU.Build.0 = Debug|Any CPU
		{AE121C44-5AF9-4636-A0B3-34F47C8B87A9}.Release|Any CPU.ActiveCfg = Release|Any CPU
		{AE121C44-5AF9-4636-A0B3-34F47C8B87A9}.Release|Any CPU.Build.0 = Release|Any CPU
		{92F83035-FE05-4072-9BD7-A0A72561DF2E}.Debug|Any CPU.ActiveCfg = Debug|Any CPU
		{92F83035-FE05-4072-9BD7-A0A72561DF2E}.Debug|Any CPU.Build.0 = Debug|Any CPU
		{92F83035-FE05-4072-9BD7-A0A72561DF2E}.Release|Any CPU.ActiveCfg = Release|Any CPU
		{92F83035-FE05-4072-9BD7-A0A72561DF2E}.Release|Any CPU.Build.0 = Release|Any CPU
		{4814BAF0-C540-4423-A8FE-BBFA5DBA62B7}.Debug|Any CPU.ActiveCfg = Debug|Any CPU
		{4814BAF0-C540-4423-A8FE-BBFA5DBA62B7}.Debug|Any CPU.Build.0 = Debug|Any CPU
		{4814BAF0-C540-4423-A8FE-BBFA5DBA62B7}.Release|Any CPU.ActiveCfg = Release|Any CPU
		{4814BAF0-C540-4423-A8FE-BBFA5DBA62B7}.Release|Any CPU.Build.0 = Release|Any CPU
	EndGlobalSection
	GlobalSection(SolutionProperties) = preSolution
		HideSolutionNode = FALSE
	EndGlobalSection
	GlobalSection(NestedProjects) = preSolution
		{AD0ABA4F-4043-478C-A1AB-2AA28C098A00} = {AB4977C4-9F88-4B93-8FF0-B885AC45A459}
		{EE52ABDC-C669-4692-9D1D-1E3004370340} = {AB4977C4-9F88-4B93-8FF0-B885AC45A459}
		{93D822DE-C183-4E28-AFD5-CC64BEBFF5D9} = {AB4977C4-9F88-4B93-8FF0-B885AC45A459}
		{71E96838-3A1D-4FCB-A803-BF13D6930111} = {07D62C67-83B5-462E-82D0-C31E461089C5}
		{0B218CB2-B0EE-40C8-8415-83060A7DEE21} = {60290312-B801-4DB7-844F-1759FD31860C}
		{256EE355-7E81-4F64-BDE8-F98E3F09456B} = {0B218CB2-B0EE-40C8-8415-83060A7DEE21}
		{3BF1403B-FF9B-4368-92B8-C24294AC91E0} = {60290312-B801-4DB7-844F-1759FD31860C}
		{5494BCB3-C735-411A-B93E-FE806E08E5BD} = {3BF1403B-FF9B-4368-92B8-C24294AC91E0}
		{FEAB84E2-D8A2-42E5-AF91-02A938BBF5ED} = {60290312-B801-4DB7-844F-1759FD31860C}
		{BFE72E9F-EAC4-480F-9D01-D3E6E2BD9EA2} = {FEAB84E2-D8A2-42E5-AF91-02A938BBF5ED}
		{FD10EE56-43E8-418D-BB2A-BAF11C9CA955} = {FEAB84E2-D8A2-42E5-AF91-02A938BBF5ED}
		{72F4011D-D702-4BF5-B00D-E134931A7B06} = {FEAB84E2-D8A2-42E5-AF91-02A938BBF5ED}
		{990D090A-CC74-4324-8494-937ADBF5E547} = {488EAB35-F8D2-45F5-9CB7-78AC0FCB6F8D}
		{BBFE8078-80AF-4AF7-97B9-72D6EC994C7F} = {488EAB35-F8D2-45F5-9CB7-78AC0FCB6F8D}
		{D2D2284A-B35E-4900-8D28-21FC59C59B5D} = {488EAB35-F8D2-45F5-9CB7-78AC0FCB6F8D}
		{C9632EBA-5FD6-4E19-B113-EFF23FE97DA0} = {488EAB35-F8D2-45F5-9CB7-78AC0FCB6F8D}
		{8FD6C258-D7F9-45A0-9F9F-2F2E7E381640} = {C9632EBA-5FD6-4E19-B113-EFF23FE97DA0}
		{EBB9C1DA-8BB0-48CA-97AF-8457C469BBC2} = {C9632EBA-5FD6-4E19-B113-EFF23FE97DA0}
		{A26F6620-CE55-48C7-A3C5-F31C07E1E550} = {4F963FF8-348C-49BB-ACCA-D1350A52E789}
		{B721C7E8-B2D7-4D83-A359-70F4E7C71535} = {A26F6620-CE55-48C7-A3C5-F31C07E1E550}
		{7411FD17-409D-45F7-B746-377DC83FA636} = {4F963FF8-348C-49BB-ACCA-D1350A52E789}
		{E92512D1-A67A-4709-906C-7F6EAE2BB12D} = {7411FD17-409D-45F7-B746-377DC83FA636}
		{9411BD93-F1FC-4AFF-9771-FE5D299DACD6} = {4F963FF8-348C-49BB-ACCA-D1350A52E789}
		{BB58AF17-952F-44A2-8A41-ECF0D660D92B} = {9411BD93-F1FC-4AFF-9771-FE5D299DACD6}
		{BBE220B4-1400-4913-B819-5A9569D66236} = {9411BD93-F1FC-4AFF-9771-FE5D299DACD6}
		{C0DACDAD-8932-4216-907B-3FE098E38304} = {288841A6-1A19-4AD4-BB44-D90CC22A43AA}
		{203F8367-7847-4426-835F-E5C52A003B27} = {C0DACDAD-8932-4216-907B-3FE098E38304}
		{3156C474-06AD-4E08-8C1D-06EDABBEC697} = {C0DACDAD-8932-4216-907B-3FE098E38304}
		{DE3D95D2-E51F-453E-83CF-3F500F9A00CC} = {C0DACDAD-8932-4216-907B-3FE098E38304}
		{3C9E735A-5BE3-414E-B2A0-8DA569EC28AA} = {C0DACDAD-8932-4216-907B-3FE098E38304}
		{87469745-8AB4-43B7-B03E-3E8610B344F6} = {8B783809-0A49-4C1D-A6A3-3A988B2373CB}
		{AFCBAD22-5F3C-4F5B-81A7-7610318DE419} = {8B783809-0A49-4C1D-A6A3-3A988B2373CB}
		{5A1047E1-DFDA-471D-8FD8-E4155D3C6DC5} = {8B783809-0A49-4C1D-A6A3-3A988B2373CB}
		{60C483D0-1699-4201-8F42-B0329D5115C4} = {87469745-8AB4-43B7-B03E-3E8610B344F6}
		{FD51B2F5-B367-4C28-BB44-1F7D1319A286} = {87469745-8AB4-43B7-B03E-3E8610B344F6}
		{2BFACDC3-F44D-4199-8498-F5C3C4AC0335} = {F30098C6-C7EF-4417-A5BD-0ABA2FDFDDEB}
		{E461C0A8-8900-485C-B520-E929BA33F712} = {F30098C6-C7EF-4417-A5BD-0ABA2FDFDDEB}
		{88FBF8E0-3657-4D5E-A565-545C70CE76D6} = {5D04CE43-32B9-4412-9555-50724160CFA6}
		{8C01D824-6428-424D-B174-27EE88E97B44} = {5D04CE43-32B9-4412-9555-50724160CFA6}
		{EC9EEAFB-98F6-42C2-AC96-640610C7FA32} = {5D04CE43-32B9-4412-9555-50724160CFA6}
		{2E7AC2EC-B0CF-4EC7-9B24-F0F512125029} = {5D04CE43-32B9-4412-9555-50724160CFA6}
		{FED87B82-28B2-49B5-B19B-5C37501BC05E} = {2E7AC2EC-B0CF-4EC7-9B24-F0F512125029}
		{05F423AB-919C-47B1-B1F2-2D4361585D95} = {2E7AC2EC-B0CF-4EC7-9B24-F0F512125029}
		{FE0326E3-E020-4B2E-897C-CD2909CD1E58} = {6C6E1368-CD10-430B-A3AD-9095986C3B0A}
		{A2C1BC7C-922B-405B-94E5-736C937DC89A} = {FE0326E3-E020-4B2E-897C-CD2909CD1E58}
		{29C2B7F9-6C6E-4CA8-9736-5D957F23508B} = {FE0326E3-E020-4B2E-897C-CD2909CD1E58}
		{D5458294-84BE-40F7-818B-51F8EDE57C06} = {FE0326E3-E020-4B2E-897C-CD2909CD1E58}
		{868815BF-BBF6-45E0-86B3-327DCA6CCD69} = {6C6E1368-CD10-430B-A3AD-9095986C3B0A}
		{B6F841E7-18DD-4B2D-94C0-56F0762384BC} = {868815BF-BBF6-45E0-86B3-327DCA6CCD69}
		{84A1C25D-6DE3-43A1-891E-B024A3AC1F48} = {916FE371-DF04-48D9-8E25-F6829D8995B4}
		{0CE0DA50-FC21-41D0-B834-88408CAA797A} = {53C551D1-C227-4C6E-AF8B-B6A9042AAE9C}
		{CE06D117-A92F-4BD0-A55F-2BC058B89449} = {53C551D1-C227-4C6E-AF8B-B6A9042AAE9C}
		{D0EE1446-9788-492F-8082-B6061C819265} = {A0A8B65B-23ED-473D-A446-11EDE5B7D325}
		{C5C7A95C-371E-4223-BEA5-E966582D8353} = {725B8ADE-F271-46D5-A2A0-AADBB93C2B2C}
		{BDA7DDC0-3320-449E-BBBF-9878EB93B7C1} = {725B8ADE-F271-46D5-A2A0-AADBB93C2B2C}
		{81A1852D-7A48-4BF6-B045-510042203AB4} = {725B8ADE-F271-46D5-A2A0-AADBB93C2B2C}
		{AE121C44-5AF9-4636-A0B3-34F47C8B87A9} = {916FE371-DF04-48D9-8E25-F6829D8995B4}
		{92F83035-FE05-4072-9BD7-A0A72561DF2E} = {84D98186-2F6D-4BF9-B841-14920E8A0202}
		{4814BAF0-C540-4423-A8FE-BBFA5DBA62B7} = {84D98186-2F6D-4BF9-B841-14920E8A0202}
	EndGlobalSection
	GlobalSection(ExtensibilityGlobals) = postSolution
		SolutionGuid = {0394FED3-FF9E-4306-84BC-BC5D20944014}
	EndGlobalSection
EndGlobal
